
Microsoft Visual Studio Solution File, Format Version 12.00
# Visual Studio Version 17
VisualStudioVersion = 17.11.35222.181
MinimumVisualStudioVersion = 10.0.40219.1
Project("{8BC9CEB8-8B4A-11D0-8D11-00A0C91BC942}") = "Project1", "Project1\Project1.vcxproj", "{0502BED1-5A88-4C05-AFFE-76641B385212}"
EndProject
Global
	GlobalSection(SolutionConfigurationPlatforms) = preSolution
		Debug|x64 = Debug|x64
		Debug|x86 = Debug|x86
		Release|x64 = Release|x64
		Release|x86 = Release|x86
	EndGlobalSection
	GlobalSection(ProjectConfigurationPlatforms) = postSolution
		{0502BED1-5A88-4C05-AFFE-76641B385212}.Debug|x64.ActiveCfg = Debug|x64
		{0502BED1-5A88-4C05-AFFE-76641B385212}.Debug|x64.Build.0 = Debug|x64
		{0502BED1-5A88-4C05-AFFE-76641B385212}.Debug|x86.ActiveCfg = Debug|Win32
		{0502BED1-5A88-4C05-AFFE-76641B385212}.Debug|x86.Build.0 = Debug|Win32
		{0502BED1-5A88-4C05-AFFE-76641B385212}.Release|x64.ActiveCfg = Release|x64
		{0502BED1-5A88-4C05-AFFE-76641B385212}.Release|x64.Build.0 = Release|x64
		{0502BED1-5A88-4C05-AFFE-76641B385212}.Release|x86.ActiveCfg = Release|Win32
		{0502BED1-5A88-4C05-AFFE-76641B385212}.Release|x86.Build.0 = Release|Win32
	EndGlobalSection
	GlobalSection(SolutionProperties) = preSolution
		HideSolutionNode = FALSE
	EndGlobalSection
	GlobalSection(ExtensibilityGlobals) = postSolution
		SolutionGuid = {1ED11458-39A9-4E07-B9A8-35CF294508BD}
	EndGlobalSection
EndGlobal
